
Microsoft Visual Studio Solution File, Format Version 12.00
# Visual Studio 15
VisualStudioVersion = 15.0.26730.16
MinimumVisualStudioVersion = 10.0.40219.1
Project("{8BC9CEB8-8B4A-11D0-8D11-00A0C91BC942}") = "structc", "structc\structc.vcxproj", "{7AF90DF5-D476-46BF-BCE5-CFEDD20E3F4F}"
EndProject
Global
	GlobalSection(SolutionConfigurationPlatforms) = preSolution
		Debug|x64 = Debug|x64
		Release|x64 = Release|x64
	EndGlobalSection
	GlobalSection(ProjectConfigurationPlatforms) = postSolution
		{7AF90DF5-D476-46BF-BCE5-CFEDD20E3F4F}.Debug|x64.ActiveCfg = Debug|x64
		{7AF90DF5-D476-46BF-BCE5-CFEDD20E3F4F}.Debug|x64.Build.0 = Debug|x64
		{7AF90DF5-D476-46BF-BCE5-CFEDD20E3F4F}.Release|x64.ActiveCfg = Release|x64
		{7AF90DF5-D476-46BF-BCE5-CFEDD20E3F4F}.Release|x64.Build.0 = Release|x64
	EndGlobalSection
	GlobalSection(SolutionProperties) = preSolution
		HideSolutionNode = FALSE
	EndGlobalSection
	GlobalSection(ExtensibilityGlobals) = postSolution
		SolutionGuid = {075EEE3B-2AC3-4B28-8347-C0EEEEE770E9}
	EndGlobalSection
EndGlobal
