<?xml version="1.0" encoding="utf-8"?>
<Project ToolsVersion="4.0" xmlns="http://schemas.microsoft.com/developer/msbuild/2003">
  <ItemGroup>
    <Filter Include="struct">
      <UniqueIdentifier>{ca5474af-6888-49e8-b125-8d13eecf9637}</UniqueIdentifier>
    </Filter>
    <Filter Include="system">
      <UniqueIdentifier>{7c022b54-2d8a-4c34-8dfb-f7ddae793c48}</UniqueIdentifier>
    </Filter>
    <Filter Include="base">
      <UniqueIdentifier>{14502405-6069-421c-bca2-206c62596473}</UniqueIdentifier>
    </Filter>
    <Filter Include="test">
      <UniqueIdentifier>{45401b62-d1d1-46b5-82a6-e36b137ebb51}</UniqueIdentifier>
    </Filter>
    <Filter Include="main">
      <UniqueIdentifier>{d6c6f9d9-5d79-493e-9bd4-a09f60462e35}</UniqueIdentifier>
    </Filter>
    <Filter Include="system\atom">
      <UniqueIdentifier>{03198923-4307-4de1-a539-a60b0b763a04}</UniqueIdentifier>
    </Filter>
    <Filter Include="system\poll">
      <UniqueIdentifier>{3111d0ec-5876-4f07-b4bc-fc859bfb2b4c}</UniqueIdentifier>
    </Filter>
    <Filter Include="conf">
      <UniqueIdentifier>{8bb4c897-cefd-486e-88a7-4e69672740ed}</UniqueIdentifier>
    </Filter>
    <Filter Include="test\conf">
      <UniqueIdentifier>{2df4e18f-58e4-47dc-8d7c-1e25e963ec09}</UniqueIdentifier>
    </Filter>
  </ItemGroup>
  <ItemGroup>
    <ClInclude Include="system\atom.h">
      <Filter>system\atom</Filter>
    </ClInclude>
    <ClInclude Include="system\atomic$c11.h">
      <Filter>system\atom</Filter>
    </ClInclude>
    <ClInclude Include="system\atomic$cl.h">
      <Filter>system\atom</Filter>
    </ClInclude>
    <ClInclude Include="system\atomic.h">
      <Filter>system\atom</Filter>
    </ClInclude>
    <ClInclude Include="system\spoll.h">
      <Filter>system\poll</Filter>
    </ClInclude>
    <ClInclude Include="system\spoll$epoll.h">
      <Filter>system\poll</Filter>
    </ClInclude>
    <ClInclude Include="system\spoll$select.h">
      <Filter>system\poll</Filter>
    </ClInclude>
    <ClInclude Include="system\rwlock.h">
      <Filter>system\atom</Filter>
    </ClInclude>
    <ClInclude Include="base\log.h">
      <Filter>base</Filter>
    </ClInclude>
    <ClInclude Include="base\conf.h">
      <Filter>base</Filter>
    </ClInclude>
    <ClInclude Include="base\csv.h">
      <Filter>base</Filter>
    </ClInclude>
    <ClInclude Include="base\file.h">
      <Filter>base</Filter>
    </ClInclude>
    <ClInclude Include="struct\array.h">
      <Filter>struct</Filter>
    </ClInclude>
    <ClInclude Include="struct\dict.h">
      <Filter>struct</Filter>
    </ClInclude>
    <ClInclude Include="struct\json.h">
      <Filter>struct</Filter>
    </ClInclude>
    <ClInclude Include="struct\list.h">
      <Filter>struct</Filter>
    </ClInclude>
    <ClInclude Include="struct\mq.h">
      <Filter>struct</Filter>
    </ClInclude>
    <ClInclude Include="struct\q.h">
      <Filter>struct</Filter>
    </ClInclude>
    <ClInclude Include="struct\rtree.h">
      <Filter>struct</Filter>
    </ClInclude>
    <ClInclude Include="struct\struct.h">
      <Filter>struct</Filter>
    </ClInclude>
    <ClInclude Include="struct\tstr.h">
      <Filter>struct</Filter>
    </ClInclude>
    <ClInclude Include="system\md5.h">
      <Filter>system</Filter>
    </ClInclude>
    <ClInclude Include="system\pipe.h">
      <Filter>system</Filter>
    </ClInclude>
    <ClInclude Include="system\rand.h">
      <Filter>system</Filter>
    </ClInclude>
    <ClInclude Include="system\socket.h">
      <Filter>system</Filter>
    </ClInclude>
    <ClInclude Include="system\strext.h">
      <Filter>system</Filter>
    </ClInclude>
    <ClInclude Include="system\thread.h">
      <Filter>system</Filter>
    </ClInclude>
    <ClInclude Include="system\times.h">
      <Filter>system</Filter>
    </ClInclude>
    <ClInclude Include="system\utf8.h">
      <Filter>system</Filter>
    </ClInclude>
    <ClInclude Include="base\url.h">
      <Filter>base</Filter>
    </ClInclude>
    <ClInclude Include="base\timer.h">
      <Filter>base</Filter>
    </ClInclude>
    <ClInclude Include="base\loop.h">
      <Filter>base</Filter>
    </ClInclude>
    <ClInclude Include="base\head.h">
      <Filter>base</Filter>
    </ClInclude>
    <ClInclude Include="base\check.h">
      <Filter>base</Filter>
    </ClInclude>
    <ClInclude Include="system\alloc.h">
      <Filter>system</Filter>
    </ClInclude>
    <ClInclude Include="struct\heap.h">
      <Filter>struct</Filter>
    </ClInclude>
    <ClInclude Include="system\spoll$kqueue.h">
      <Filter>system\poll</Filter>
    </ClInclude>
    <ClInclude Include="system\strerr.h">
      <Filter>system</Filter>
    </ClInclude>
    <ClInclude Include="base\msg.h">
      <Filter>base</Filter>
    </ClInclude>
    <ClInclude Include="base\buf.h">
      <Filter>base</Filter>
    </ClInclude>
  </ItemGroup>
  <ItemGroup>
    <ClCompile Include="main\main.c">
      <Filter>main</Filter>
    </ClCompile>
    <ClCompile Include="main\main_run.c">
      <Filter>main</Filter>
    </ClCompile>
    <ClCompile Include="main\main_test.c">
      <Filter>main</Filter>
    </ClCompile>
    <ClCompile Include="test\strext_test.c">
      <Filter>test</Filter>
    </ClCompile>
    <ClCompile Include="struct\list.c">
      <Filter>struct</Filter>
    </ClCompile>
    <ClCompile Include="struct\tstr.c">
      <Filter>struct</Filter>
    </ClCompile>
    <ClCompile Include="system\strext.c">
      <Filter>system</Filter>
    </ClCompile>
    <ClCompile Include="test\uv_tty_test.c">
      <Filter>test</Filter>
    </ClCompile>
    <ClCompile Include="test\uv_timer_test.c">
      <Filter>test</Filter>
    </ClCompile>
    <ClCompile Include="test\uv_love_test.c">
      <Filter>test</Filter>
    </ClCompile>
    <ClCompile Include="test\list_test.c">
      <Filter>test</Filter>
    </ClCompile>
    <ClCompile Include="test\strings_test.c">
      <Filter>test</Filter>
    </ClCompile>
    <ClCompile Include="test\thread_test.c">
      <Filter>test</Filter>
    </ClCompile>
    <ClCompile Include="struct\rtree.c">
      <Filter>struct</Filter>
    </ClCompile>
    <ClCompile Include="test\rtree_test.c">
      <Filter>test</Filter>
    </ClCompile>
    <ClCompile Include="test\atom_test.c">
      <Filter>test</Filter>
    </ClCompile>
    <ClCompile Include="struct\dict.c">
      <Filter>struct</Filter>
    </ClCompile>
    <ClCompile Include="test\dict_test.c">
      <Filter>test</Filter>
    </ClCompile>
    <ClCompile Include="test\mq_test.c">
      <Filter>test</Filter>
    </ClCompile>
    <ClCompile Include="struct\array.c">
      <Filter>struct</Filter>
    </ClCompile>
    <ClCompile Include="test\array_test.c">
      <Filter>test</Filter>
    </ClCompile>
    <ClCompile Include="struct\json.c">
      <Filter>struct</Filter>
    </ClCompile>
    <ClCompile Include="test\json_test.c">
      <Filter>test</Filter>
    </ClCompile>
    <ClCompile Include="system\socket.c">
      <Filter>system</Filter>
    </ClCompile>
    <ClCompile Include="test\socket_test.c">
      <Filter>test</Filter>
    </ClCompile>
    <ClCompile Include="system\spoll.c">
      <Filter>system\poll</Filter>
    </ClCompile>
    <ClCompile Include="test\spoll_test.c">
      <Filter>test</Filter>
    </ClCompile>
    <ClCompile Include="system\times.c">
      <Filter>system</Filter>
    </ClCompile>
    <ClCompile Include="system\rand.c">
      <Filter>system</Filter>
    </ClCompile>
    <ClCompile Include="test\times_test.c">
      <Filter>test</Filter>
    </ClCompile>
    <ClCompile Include="system\md5.c">
      <Filter>system</Filter>
    </ClCompile>
    <ClCompile Include="main\main_init.c">
      <Filter>main</Filter>
    </ClCompile>
    <ClCompile Include="test\md5_test.c">
      <Filter>test</Filter>
    </ClCompile>
    <ClCompile Include="base\log.c">
      <Filter>base</Filter>
    </ClCompile>
    <ClCompile Include="base\file.c">
      <Filter>base</Filter>
    </ClCompile>
    <ClCompile Include="test\file_test.c">
      <Filter>test</Filter>
    </ClCompile>
    <ClCompile Include="system\utf8.c">
      <Filter>system</Filter>
    </ClCompile>
    <ClCompile Include="system\pipe.c">
      <Filter>system</Filter>
    </ClCompile>
    <ClCompile Include="test\pipe_test.c">
      <Filter>test</Filter>
    </ClCompile>
    <ClCompile Include="test\utf8_test.c">
      <Filter>test</Filter>
    </ClCompile>
    <ClCompile Include="base\csv.c">
      <Filter>base</Filter>
    </ClCompile>
    <ClCompile Include="base\conf.c">
      <Filter>base</Filter>
    </ClCompile>
    <ClCompile Include="system\rwlock.c">
      <Filter>system\atom</Filter>
    </ClCompile>
    <ClCompile Include="base\url.c">
      <Filter>base</Filter>
    </ClCompile>
    <ClCompile Include="test\url_test.c">
      <Filter>test</Filter>
    </ClCompile>
    <ClCompile Include="base\timer.c">
      <Filter>base</Filter>
    </ClCompile>
    <ClCompile Include="test\timer_test.c">
      <Filter>test</Filter>
    </ClCompile>
    <ClCompile Include="struct\q.c">
      <Filter>struct</Filter>
    </ClCompile>
    <ClCompile Include="base\loop.c">
      <Filter>base</Filter>
    </ClCompile>
    <ClCompile Include="test\loop_test.c">
      <Filter>test</Filter>
    </ClCompile>
    <ClCompile Include="base\check.c">
      <Filter>base</Filter>
    </ClCompile>
    <ClCompile Include="test\reuseport_test.c">
      <Filter>test</Filter>
    </ClCompile>
    <ClCompile Include="system\strerr.c">
      <Filter>system</Filter>
    </ClCompile>
    <ClCompile Include="system\alloc.c">
      <Filter>system</Filter>
    </ClCompile>
    <ClCompile Include="test\alloc_test.c">
      <Filter>test</Filter>
    </ClCompile>
    <ClCompile Include="struct\heap.c">
      <Filter>struct</Filter>
    </ClCompile>
    <ClCompile Include="test\buf_test.c">
      <Filter>test</Filter>
    </ClCompile>
    <ClCompile Include="base\buf.c">
      <Filter>base</Filter>
    </ClCompile>
  </ItemGroup>
  <ItemGroup>
    <None Include="README.md" />
    <None Include="conf\conf.conf">
      <Filter>conf</Filter>
    </None>
  </ItemGroup>
</Project>