<?xml version="1.0" encoding="utf-8"?>
<Project ToolsVersion="4.0" xmlns="http://schemas.microsoft.com/developer/msbuild/2003">
  <ItemGroup>
    <Filter Include="struct">
      <UniqueIdentifier>{ca5474af-6888-49e8-b125-8d13eecf9637}</UniqueIdentifier>
    </Filter>
    <Filter Include="system">
      <UniqueIdentifier>{7c022b54-2d8a-4c34-8dfb-f7ddae793c48}</UniqueIdentifier>
    </Filter>
    <Filter Include="base">
      <UniqueIdentifier>{14502405-6069-421c-bca2-206c62596473}</UniqueIdentifier>
    </Filter>
    <Filter Include="test">
      <UniqueIdentifier>{45401b62-d1d1-46b5-82a6-e36b137ebb51}</UniqueIdentifier>
    </Filter>
    <Filter Include="main">
      <UniqueIdentifier>{d6c6f9d9-5d79-493e-9bd4-a09f60462e35}</UniqueIdentifier>
    </Filter>
    <Filter Include="system\jemalloc">
      <UniqueIdentifier>{e2b35c38-8fb0-4365-a5a3-537d8199b169}</UniqueIdentifier>
    </Filter>
    <Filter Include="struct\inc">
      <UniqueIdentifier>{7cbc6383-ad28-4243-986b-c8a3a1999628}</UniqueIdentifier>
    </Filter>
    <Filter Include="system\inc">
      <UniqueIdentifier>{bb07773a-ee1a-4ff0-a766-5a101f818e44}</UniqueIdentifier>
    </Filter>
    <Filter Include="system\uv">
      <UniqueIdentifier>{bb1acb3a-45f0-400a-a376-36c43777209f}</UniqueIdentifier>
    </Filter>
    <Filter Include="system\pthread">
      <UniqueIdentifier>{f3c1c5a2-98b0-46b1-b5c5-05a6fd58f55b}</UniqueIdentifier>
    </Filter>
    <Filter Include="system\atom">
      <UniqueIdentifier>{03198923-4307-4de1-a539-a60b0b763a04}</UniqueIdentifier>
    </Filter>
  </ItemGroup>
  <ItemGroup>
    <ClInclude Include="base\chead.h">
      <Filter>base</Filter>
    </ClInclude>
    <ClInclude Include="system\jemalloc\jemalloc.h">
      <Filter>system\jemalloc</Filter>
    </ClInclude>
    <ClInclude Include="struct\tstr.h">
      <Filter>struct\inc</Filter>
    </ClInclude>
    <ClInclude Include="struct\list.h">
      <Filter>struct\inc</Filter>
    </ClInclude>
    <ClInclude Include="struct\struct.h">
      <Filter>struct\inc</Filter>
    </ClInclude>
    <ClInclude Include="system\assext.h">
      <Filter>system\inc</Filter>
    </ClInclude>
    <ClInclude Include="system\sdos.h">
      <Filter>system\inc</Filter>
    </ClInclude>
    <ClInclude Include="system\stdext.h">
      <Filter>system\inc</Filter>
    </ClInclude>
    <ClInclude Include="system\strext.h">
      <Filter>system\inc</Filter>
    </ClInclude>
    <ClInclude Include="system\strings.h">
      <Filter>system\inc</Filter>
    </ClInclude>
    <ClInclude Include="system\uv\tree.h">
      <Filter>system\uv</Filter>
    </ClInclude>
    <ClInclude Include="system\uv\uv.h">
      <Filter>system\uv</Filter>
    </ClInclude>
    <ClInclude Include="system\uv\uv-errno.h">
      <Filter>system\uv</Filter>
    </ClInclude>
    <ClInclude Include="system\uv\uv-threadpool.h">
      <Filter>system\uv</Filter>
    </ClInclude>
    <ClInclude Include="system\uv\uv-version.h">
      <Filter>system\uv</Filter>
    </ClInclude>
    <ClInclude Include="system\uv\uv-win.h">
      <Filter>system\uv</Filter>
    </ClInclude>
    <ClInclude Include="system\pthread\pthread.h">
      <Filter>system\pthread</Filter>
    </ClInclude>
    <ClInclude Include="system\pthread\sched.h">
      <Filter>system\pthread</Filter>
    </ClInclude>
    <ClInclude Include="system\pthread\semaphore.h">
      <Filter>system\pthread</Filter>
    </ClInclude>
    <ClInclude Include="system\thread.h">
      <Filter>system\inc</Filter>
    </ClInclude>
    <ClInclude Include="struct\rtree.h">
      <Filter>struct\inc</Filter>
    </ClInclude>
    <ClInclude Include="system\atom.h">
      <Filter>system\atom</Filter>
    </ClInclude>
    <ClInclude Include="system\atomic$c11.h">
      <Filter>system\atom</Filter>
    </ClInclude>
    <ClInclude Include="system\atomic$cl.h">
      <Filter>system\atom</Filter>
    </ClInclude>
    <ClInclude Include="system\atomic.h">
      <Filter>system\atom</Filter>
    </ClInclude>
  </ItemGroup>
  <ItemGroup>
    <ClCompile Include="main\main.c">
      <Filter>main</Filter>
    </ClCompile>
    <ClCompile Include="main\main_run.c">
      <Filter>main</Filter>
    </ClCompile>
    <ClCompile Include="main\main_test.c">
      <Filter>main</Filter>
    </ClCompile>
    <ClCompile Include="test\strext_test.c">
      <Filter>test</Filter>
    </ClCompile>
    <ClCompile Include="test\stdext_test.c">
      <Filter>test</Filter>
    </ClCompile>
    <ClCompile Include="struct\list.c">
      <Filter>struct</Filter>
    </ClCompile>
    <ClCompile Include="struct\tstr.c">
      <Filter>struct</Filter>
    </ClCompile>
    <ClCompile Include="system\strext.c">
      <Filter>system</Filter>
    </ClCompile>
    <ClCompile Include="test\uv_tty_test.c">
      <Filter>test</Filter>
    </ClCompile>
    <ClCompile Include="test\uv_timer_test.c">
      <Filter>test</Filter>
    </ClCompile>
    <ClCompile Include="test\uv_love_test.c">
      <Filter>test</Filter>
    </ClCompile>
    <ClCompile Include="test\list_test.c">
      <Filter>test</Filter>
    </ClCompile>
    <ClCompile Include="test\strings_test.c">
      <Filter>test</Filter>
    </ClCompile>
    <ClCompile Include="test\thread_test.c">
      <Filter>test</Filter>
    </ClCompile>
    <ClCompile Include="struct\rtree.c">
      <Filter>struct</Filter>
    </ClCompile>
    <ClCompile Include="test\rtree_test.c">
      <Filter>test</Filter>
    </ClCompile>
    <ClCompile Include="system\stdext.c">
      <Filter>system</Filter>
    </ClCompile>
    <ClCompile Include="test\atom_test.c">
      <Filter>test</Filter>
    </ClCompile>
  </ItemGroup>
  <ItemGroup>
    <None Include="README.md" />
  </ItemGroup>
</Project>