<?xml version="1.0" encoding="utf-8"?>
<Project ToolsVersion="4.0" xmlns="http://schemas.microsoft.com/developer/msbuild/2003">
  <ItemGroup>
    <Filter Include="struct">
      <UniqueIdentifier>{ca5474af-6888-49e8-b125-8d13eecf9637}</UniqueIdentifier>
    </Filter>
    <Filter Include="system">
      <UniqueIdentifier>{7c022b54-2d8a-4c34-8dfb-f7ddae793c48}</UniqueIdentifier>
    </Filter>
    <Filter Include="base">
      <UniqueIdentifier>{14502405-6069-421c-bca2-206c62596473}</UniqueIdentifier>
    </Filter>
    <Filter Include="test">
      <UniqueIdentifier>{45401b62-d1d1-46b5-82a6-e36b137ebb51}</UniqueIdentifier>
    </Filter>
    <Filter Include="main">
      <UniqueIdentifier>{d6c6f9d9-5d79-493e-9bd4-a09f60462e35}</UniqueIdentifier>
    </Filter>
    <Filter Include="system\jemalloc">
      <UniqueIdentifier>{e2b35c38-8fb0-4365-a5a3-537d8199b169}</UniqueIdentifier>
    </Filter>
  </ItemGroup>
  <ItemGroup>
    <ClInclude Include="base\chead.h">
      <Filter>base</Filter>
    </ClInclude>
    <ClInclude Include="system\elag.h">
      <Filter>system</Filter>
    </ClInclude>
    <ClInclude Include="struct\strext.h">
      <Filter>struct</Filter>
    </ClInclude>
    <ClInclude Include="system\jemalloc\jemalloc.h">
      <Filter>system\jemalloc</Filter>
    </ClInclude>
    <ClInclude Include="system\strings.h">
      <Filter>system</Filter>
    </ClInclude>
    <ClInclude Include="system\stdext.h">
      <Filter>system</Filter>
    </ClInclude>
    <ClInclude Include="system\sdos.h">
      <Filter>system</Filter>
    </ClInclude>
  </ItemGroup>
  <ItemGroup>
    <ClCompile Include="main\main.c">
      <Filter>main</Filter>
    </ClCompile>
    <ClCompile Include="main\main_run.c">
      <Filter>main</Filter>
    </ClCompile>
    <ClCompile Include="main\main_test.c">
      <Filter>main</Filter>
    </ClCompile>
    <ClCompile Include="struct\strext.c">
      <Filter>struct</Filter>
    </ClCompile>
    <ClCompile Include="test\strext_test.c">
      <Filter>test</Filter>
    </ClCompile>
    <ClCompile Include="system\stdext.c">
      <Filter>system</Filter>
    </ClCompile>
    <ClCompile Include="test\stdext_test.c">
      <Filter>test</Filter>
    </ClCompile>
  </ItemGroup>
  <ItemGroup>
    <None Include="README.md" />
  </ItemGroup>
</Project>